
Microsoft Visual Studio Solution File, Format Version 12.00
# Visual Studio Version 16
VisualStudioVersion = 16.0.30711.63
MinimumVisualStudioVersion = 10.0.40219.1
Project("{2150E333-8FDC-42A3-9474-1A3956D46DE8}") = "01 - Core", "01 - Core", "{A6A69E13-7731-43BC-8E0E-AC73F97ED599}"
EndProject
Project("{2150E333-8FDC-42A3-9474-1A3956D46DE8}") = "02 - Data", "02 - Data", "{53B8C7A1-4799-43EF-A51E-C9DF8C13CE96}"
EndProject
Project("{2150E333-8FDC-42A3-9474-1A3956D46DE8}") = "03 - Repository", "03 - Repository", "{9C6AD1EE-0D6D-43B2-B410-65D06CE4ACF9}"
EndProject
Project("{2150E333-8FDC-42A3-9474-1A3956D46DE8}") = "04 - Service", "04 - Service", "{CCCD18B9-6598-433D-B89F-46162D2980DE}"
EndProject
Project("{2150E333-8FDC-42A3-9474-1A3956D46DE8}") = "05 - Injection", "05 - Injection", "{83D1445F-B162-4CE4-86D3-48B5894363E8}"
EndProject
Project("{2150E333-8FDC-42A3-9474-1A3956D46DE8}") = "06 - Web", "06 - Web", "{8E63C91C-23D7-4740-B5E6-F1E5F2CEA049}"
EndProject
Project("{9A19103F-16F7-4668-BE54-9A1E7A4F7556}") = "Library.DataCore", "Library.DataCore\Library.DataCore.csproj", "{194F2073-3045-4442-B0D5-99E61348D44A}"
EndProject
Project("{9A19103F-16F7-4668-BE54-9A1E7A4F7556}") = "Library.Core", "Library.Core\Library.Core.csproj", "{FC5D4F1D-5C33-436A-8F1A-DA6EDEA1E417}"
EndProject
Project("{9A19103F-16F7-4668-BE54-9A1E7A4F7556}") = "Library.ADT", "Library.ADT\Library.ADT.csproj", "{04082360-5B12-444C-A96F-E15BFD16142F}"
EndProject
Project("{9A19103F-16F7-4668-BE54-9A1E7A4F7556}") = "Library.DataBase", "Library.DataBase\Library.DataBase.csproj", "{AEC884C1-EC26-4221-8E63-65FE16639DDB}"
EndProject
Project("{9A19103F-16F7-4668-BE54-9A1E7A4F7556}") = "Library.Repository", "Library.Repository\Library.Repository.csproj", "{2197C070-6491-4898-9009-284E2788AF7D}"
EndProject
Project("{9A19103F-16F7-4668-BE54-9A1E7A4F7556}") = "Library.Service", "Library.Service\Library.Service.csproj", "{8BE5F80B-448F-4820-B5E3-299B54C81F24}"
EndProject
Project("{9A19103F-16F7-4668-BE54-9A1E7A4F7556}") = "Library.Helpers", "Library.Helpers\Library.Helpers.csproj", "{58BE7584-7244-4F74-9093-9F8E01DE444C}"
EndProject
Project("{9A19103F-16F7-4668-BE54-9A1E7A4F7556}") = "Library.Injection", "Library.Injection\Library.Injection.csproj", "{DD7F04B3-6D94-46AE-9797-DE3F17E290A5}"
EndProject
Project("{9A19103F-16F7-4668-BE54-9A1E7A4F7556}") = "Library", "Library - ASP\Library.csproj", "{6EBD80D8-AAF1-4577-B08F-CC211E704D9D}"
EndProject
Global
	GlobalSection(SolutionConfigurationPlatforms) = preSolution
		Debug|Any CPU = Debug|Any CPU
		Release|Any CPU = Release|Any CPU
	EndGlobalSection
	GlobalSection(ProjectConfigurationPlatforms) = postSolution
		{194F2073-3045-4442-B0D5-99E61348D44A}.Debug|Any CPU.ActiveCfg = Debug|Any CPU
		{194F2073-3045-4442-B0D5-99E61348D44A}.Debug|Any CPU.Build.0 = Debug|Any CPU
		{194F2073-3045-4442-B0D5-99E61348D44A}.Release|Any CPU.ActiveCfg = Release|Any CPU
		{194F2073-3045-4442-B0D5-99E61348D44A}.Release|Any CPU.Build.0 = Release|Any CPU
		{FC5D4F1D-5C33-436A-8F1A-DA6EDEA1E417}.Debug|Any CPU.ActiveCfg = Debug|Any CPU
		{FC5D4F1D-5C33-436A-8F1A-DA6EDEA1E417}.Debug|Any CPU.Build.0 = Debug|Any CPU
		{FC5D4F1D-5C33-436A-8F1A-DA6EDEA1E417}.Release|Any CPU.ActiveCfg = Release|Any CPU
		{FC5D4F1D-5C33-436A-8F1A-DA6EDEA1E417}.Release|Any CPU.Build.0 = Release|Any CPU
		{04082360-5B12-444C-A96F-E15BFD16142F}.Debug|Any CPU.ActiveCfg = Debug|Any CPU
		{04082360-5B12-444C-A96F-E15BFD16142F}.Debug|Any CPU.Build.0 = Debug|Any CPU
		{04082360-5B12-444C-A96F-E15BFD16142F}.Release|Any CPU.ActiveCfg = Release|Any CPU
		{04082360-5B12-444C-A96F-E15BFD16142F}.Release|Any CPU.Build.0 = Release|Any CPU
		{AEC884C1-EC26-4221-8E63-65FE16639DDB}.Debug|Any CPU.ActiveCfg = Debug|Any CPU
		{AEC884C1-EC26-4221-8E63-65FE16639DDB}.Debug|Any CPU.Build.0 = Debug|Any CPU
		{AEC884C1-EC26-4221-8E63-65FE16639DDB}.Release|Any CPU.ActiveCfg = Release|Any CPU
		{AEC884C1-EC26-4221-8E63-65FE16639DDB}.Release|Any CPU.Build.0 = Release|Any CPU
		{2197C070-6491-4898-9009-284E2788AF7D}.Debug|Any CPU.ActiveCfg = Debug|Any CPU
		{2197C070-6491-4898-9009-284E2788AF7D}.Debug|Any CPU.Build.0 = Debug|Any CPU
		{2197C070-6491-4898-9009-284E2788AF7D}.Release|Any CPU.ActiveCfg = Release|Any CPU
		{2197C070-6491-4898-9009-284E2788AF7D}.Release|Any CPU.Build.0 = Release|Any CPU
		{8BE5F80B-448F-4820-B5E3-299B54C81F24}.Debug|Any CPU.ActiveCfg = Debug|Any CPU
		{8BE5F80B-448F-4820-B5E3-299B54C81F24}.Debug|Any CPU.Build.0 = Debug|Any CPU
		{8BE5F80B-448F-4820-B5E3-299B54C81F24}.Release|Any CPU.ActiveCfg = Release|Any CPU
		{8BE5F80B-448F-4820-B5E3-299B54C81F24}.Release|Any CPU.Build.0 = Release|Any CPU
		{58BE7584-7244-4F74-9093-9F8E01DE444C}.Debug|Any CPU.ActiveCfg = Debug|Any CPU
		{58BE7584-7244-4F74-9093-9F8E01DE444C}.Debug|Any CPU.Build.0 = Debug|Any CPU
		{58BE7584-7244-4F74-9093-9F8E01DE444C}.Release|Any CPU.ActiveCfg = Release|Any CPU
		{58BE7584-7244-4F74-9093-9F8E01DE444C}.Release|Any CPU.Build.0 = Release|Any CPU
		{DD7F04B3-6D94-46AE-9797-DE3F17E290A5}.Debug|Any CPU.ActiveCfg = Debug|Any CPU
		{DD7F04B3-6D94-46AE-9797-DE3F17E290A5}.Debug|Any CPU.Build.0 = Debug|Any CPU
		{DD7F04B3-6D94-46AE-9797-DE3F17E290A5}.Release|Any CPU.ActiveCfg = Release|Any CPU
		{DD7F04B3-6D94-46AE-9797-DE3F17E290A5}.Release|Any CPU.Build.0 = Release|Any CPU
		{6EBD80D8-AAF1-4577-B08F-CC211E704D9D}.Debug|Any CPU.ActiveCfg = Debug|Any CPU
		{6EBD80D8-AAF1-4577-B08F-CC211E704D9D}.Debug|Any CPU.Build.0 = Debug|Any CPU
		{6EBD80D8-AAF1-4577-B08F-CC211E704D9D}.Release|Any CPU.ActiveCfg = Release|Any CPU
		{6EBD80D8-AAF1-4577-B08F-CC211E704D9D}.Release|Any CPU.Build.0 = Release|Any CPU
	EndGlobalSection
	GlobalSection(SolutionProperties) = preSolution
		HideSolutionNode = FALSE
	EndGlobalSection
	GlobalSection(NestedProjects) = preSolution
		{194F2073-3045-4442-B0D5-99E61348D44A} = {A6A69E13-7731-43BC-8E0E-AC73F97ED599}
		{FC5D4F1D-5C33-436A-8F1A-DA6EDEA1E417} = {A6A69E13-7731-43BC-8E0E-AC73F97ED599}
		{04082360-5B12-444C-A96F-E15BFD16142F} = {A6A69E13-7731-43BC-8E0E-AC73F97ED599}
		{AEC884C1-EC26-4221-8E63-65FE16639DDB} = {53B8C7A1-4799-43EF-A51E-C9DF8C13CE96}
		{2197C070-6491-4898-9009-284E2788AF7D} = {9C6AD1EE-0D6D-43B2-B410-65D06CE4ACF9}
		{8BE5F80B-448F-4820-B5E3-299B54C81F24} = {CCCD18B9-6598-433D-B89F-46162D2980DE}
		{58BE7584-7244-4F74-9093-9F8E01DE444C} = {A6A69E13-7731-43BC-8E0E-AC73F97ED599}
		{DD7F04B3-6D94-46AE-9797-DE3F17E290A5} = {83D1445F-B162-4CE4-86D3-48B5894363E8}
		{6EBD80D8-AAF1-4577-B08F-CC211E704D9D} = {8E63C91C-23D7-4740-B5E6-F1E5F2CEA049}
	EndGlobalSection
	GlobalSection(ExtensibilityGlobals) = postSolution
		SolutionGuid = {5D209FBF-967E-438C-B75D-AC98C87C5050}
	EndGlobalSection
EndGlobal
